
Microsoft Visual Studio Solution File, Format Version 12.00
# Visual Studio 15
VisualStudioVersion = 15.0.27428.2043
MinimumVisualStudioVersion = 10.0.40219.1
Project("{FAE04EC0-301F-11D3-BF4B-00C04F79EFBC}") = "ClassLibrary7", "ClassLibrary7\ClassLibrary7.csproj", "{CD8A55A6-A6CF-47A1-8188-772739CCEEFA}"
EndProject
Global
	GlobalSection(SolutionConfigurationPlatforms) = preSolution
		Debug|Any CPU = Debug|Any CPU
		Release|Any CPU = Release|Any CPU
	EndGlobalSection
	GlobalSection(ProjectConfigurationPlatforms) = postSolution
		{CD8A55A6-A6CF-47A1-8188-772739CCEEFA}.Debug|Any CPU.ActiveCfg = Debug|Any CPU
		{CD8A55A6-A6CF-47A1-8188-772739CCEEFA}.Debug|Any CPU.Build.0 = Debug|Any CPU
		{CD8A55A6-A6CF-47A1-8188-772739CCEEFA}.Release|Any CPU.ActiveCfg = Release|Any CPU
		{CD8A55A6-A6CF-47A1-8188-772739CCEEFA}.Release|Any CPU.Build.0 = Release|Any CPU
	EndGlobalSection
	GlobalSection(SolutionProperties) = preSolution
		HideSolutionNode = FALSE
	EndGlobalSection
	GlobalSection(ExtensibilityGlobals) = postSolution
		SolutionGuid = {7B1C17F0-86DB-4B2E-A07D-EE7166B5E4A6}
	EndGlobalSection
EndGlobal
