
Microsoft Visual Studio Solution File, Format Version 12.00
# Visual Studio 15
VisualStudioVersion = 15.0.27428.2043
MinimumVisualStudioVersion = 10.0.40219.1
Project("{8BC9CEB8-8B4A-11D0-8D11-00A0C91BC942}") = "ConsoleApplication7", "ConsoleApplication7\ConsoleApplication7.vcxproj", "{85DBBAC8-FEEF-46D4-9122-580EFC84BBD1}"
EndProject
Global
	GlobalSection(SolutionConfigurationPlatforms) = preSolution
		Debug|x64 = Debug|x64
		Debug|x86 = Debug|x86
		Release|x64 = Release|x64
		Release|x86 = Release|x86
	EndGlobalSection
	GlobalSection(ProjectConfigurationPlatforms) = postSolution
		{85DBBAC8-FEEF-46D4-9122-580EFC84BBD1}.Debug|x64.ActiveCfg = Debug|x64
		{85DBBAC8-FEEF-46D4-9122-580EFC84BBD1}.Debug|x64.Build.0 = Debug|x64
		{85DBBAC8-FEEF-46D4-9122-580EFC84BBD1}.Debug|x86.ActiveCfg = Debug|Win32
		{85DBBAC8-FEEF-46D4-9122-580EFC84BBD1}.Debug|x86.Build.0 = Debug|Win32
		{85DBBAC8-FEEF-46D4-9122-580EFC84BBD1}.Release|x64.ActiveCfg = Release|x64
		{85DBBAC8-FEEF-46D4-9122-580EFC84BBD1}.Release|x64.Build.0 = Release|x64
		{85DBBAC8-FEEF-46D4-9122-580EFC84BBD1}.Release|x86.ActiveCfg = Release|Win32
		{85DBBAC8-FEEF-46D4-9122-580EFC84BBD1}.Release|x86.Build.0 = Release|Win32
	EndGlobalSection
	GlobalSection(SolutionProperties) = preSolution
		HideSolutionNode = FALSE
	EndGlobalSection
	GlobalSection(ExtensibilityGlobals) = postSolution
		SolutionGuid = {99C76738-06DD-4070-912E-1CDD0D5E3831}
	EndGlobalSection
EndGlobal
